
Microsoft Visual Studio Solution File, Format Version 12.00
# Visual Studio Version 16
VisualStudioVersion = 16.0.29613.14
MinimumVisualStudioVersion = 10.0.40219.1
Project("{FAE04EC0-301F-11D3-BF4B-00C04F79EFBC}") = "HistoricalRatesDal", "HistoricalRatesDal\HistoricalRatesDal.csproj", "{AC0E7D61-C033-45B7-B984-593540AB751A}"
EndProject
Project("{FAE04EC0-301F-11D3-BF4B-00C04F79EFBC}") = "HIstoricalRatesTest", "HIstoricalRatesTest\HIstoricalRatesTest.csproj", "{A1E83D45-033B-4282-8649-DA567E0CE49A}"
EndProject
Global
	GlobalSection(SolutionConfigurationPlatforms) = preSolution
		Debug|Any CPU = Debug|Any CPU
		Release|Any CPU = Release|Any CPU
	EndGlobalSection
	GlobalSection(ProjectConfigurationPlatforms) = postSolution
		{AC0E7D61-C033-45B7-B984-593540AB751A}.Debug|Any CPU.ActiveCfg = Debug|Any CPU
		{AC0E7D61-C033-45B7-B984-593540AB751A}.Debug|Any CPU.Build.0 = Debug|Any CPU
		{AC0E7D61-C033-45B7-B984-593540AB751A}.Release|Any CPU.ActiveCfg = Release|Any CPU
		{AC0E7D61-C033-45B7-B984-593540AB751A}.Release|Any CPU.Build.0 = Release|Any CPU
		{A1E83D45-033B-4282-8649-DA567E0CE49A}.Debug|Any CPU.ActiveCfg = Debug|Any CPU
		{A1E83D45-033B-4282-8649-DA567E0CE49A}.Debug|Any CPU.Build.0 = Debug|Any CPU
		{A1E83D45-033B-4282-8649-DA567E0CE49A}.Release|Any CPU.ActiveCfg = Release|Any CPU
		{A1E83D45-033B-4282-8649-DA567E0CE49A}.Release|Any CPU.Build.0 = Release|Any CPU
	EndGlobalSection
	GlobalSection(SolutionProperties) = preSolution
		HideSolutionNode = FALSE
	EndGlobalSection
	GlobalSection(ExtensibilityGlobals) = postSolution
		SolutionGuid = {130768B5-814E-4337-A026-8885F1A69BC6}
	EndGlobalSection
EndGlobal
