
Microsoft Visual Studio Solution File, Format Version 12.00
# Visual Studio Version 16
VisualStudioVersion = 16.0.29613.14
MinimumVisualStudioVersion = 10.0.40219.1
Project("{FAE04EC0-301F-11D3-BF4B-00C04F79EFBC}") = "ChinookDal", "ChinookDal\ChinookDal.csproj", "{555C2B4B-D073-4114-A163-57E0A2A51410}"
EndProject
Project("{FAE04EC0-301F-11D3-BF4B-00C04F79EFBC}") = "ChinookWebApi", "ChinookWebApi\ChinookWebApi.csproj", "{AC358BDA-934A-4021-A903-7FABC45EDB31}"
EndProject
Global
	GlobalSection(SolutionConfigurationPlatforms) = preSolution
		Debug|Any CPU = Debug|Any CPU
		Release|Any CPU = Release|Any CPU
	EndGlobalSection
	GlobalSection(ProjectConfigurationPlatforms) = postSolution
		{555C2B4B-D073-4114-A163-57E0A2A51410}.Debug|Any CPU.ActiveCfg = Debug|Any CPU
		{555C2B4B-D073-4114-A163-57E0A2A51410}.Debug|Any CPU.Build.0 = Debug|Any CPU
		{555C2B4B-D073-4114-A163-57E0A2A51410}.Release|Any CPU.ActiveCfg = Release|Any CPU
		{555C2B4B-D073-4114-A163-57E0A2A51410}.Release|Any CPU.Build.0 = Release|Any CPU
		{AC358BDA-934A-4021-A903-7FABC45EDB31}.Debug|Any CPU.ActiveCfg = Debug|Any CPU
		{AC358BDA-934A-4021-A903-7FABC45EDB31}.Debug|Any CPU.Build.0 = Debug|Any CPU
		{AC358BDA-934A-4021-A903-7FABC45EDB31}.Release|Any CPU.ActiveCfg = Release|Any CPU
		{AC358BDA-934A-4021-A903-7FABC45EDB31}.Release|Any CPU.Build.0 = Release|Any CPU
	EndGlobalSection
	GlobalSection(SolutionProperties) = preSolution
		HideSolutionNode = FALSE
	EndGlobalSection
	GlobalSection(ExtensibilityGlobals) = postSolution
		SolutionGuid = {A792719B-9B03-49CC-8F3D-A6D492D29E1F}
	EndGlobalSection
EndGlobal
